
Microsoft Visual Studio Solution File, Format Version 12.00
# Visual Studio Version 17
VisualStudioVersion = 17.4.33205.214
MinimumVisualStudioVersion = 10.0.40219.1
Project("{888888A0-9F3D-457C-B088-3A5042F75D52}") = "Python_Pr5", "Python_Pr5\Python_Pr5.pyproj", "{039F2D7E-40CB-47F0-B0E7-4D7173EAF21D}"
EndProject
Global
	GlobalSection(SolutionConfigurationPlatforms) = preSolution
		Debug|Any CPU = Debug|Any CPU
		Release|Any CPU = Release|Any CPU
	EndGlobalSection
	GlobalSection(ProjectConfigurationPlatforms) = postSolution
		{039F2D7E-40CB-47F0-B0E7-4D7173EAF21D}.Debug|Any CPU.ActiveCfg = Debug|Any CPU
		{039F2D7E-40CB-47F0-B0E7-4D7173EAF21D}.Release|Any CPU.ActiveCfg = Release|Any CPU
	EndGlobalSection
	GlobalSection(SolutionProperties) = preSolution
		HideSolutionNode = FALSE
	EndGlobalSection
	GlobalSection(ExtensibilityGlobals) = postSolution
		SolutionGuid = {FFDD71F0-4D93-41E4-A732-E5CC8FAEB0B7}
	EndGlobalSection
EndGlobal
